{
  "pins" : [
    {
      "identity" : "realm-core",
      "kind" : "remoteSourceControl",
      "location" : "https://github.com/realm/realm-core.git",
      "state" : {
        "revision" : "a7d486d07b821e28ffd3587e99355a63148cbb43",
        "version" : "13.4.1"
      }
    },
    {
      "identity" : "realm-swift",
      "kind" : "remoteSourceControl",
      "location" : "https://github.com/realm/realm-swift.git",
      "state" : {
        "branch" : "master",
        "revision" : "9c6c86a61fb5953d729d21fd19ce651b9a862039"
      }
    }
  ],
  "version" : 2
}
