// !$*UTF8*$!
{
	archiveVersion = 1;
	classes = {
	};
	objectVersion = 56;
	objects = {

/* Begin PBXBuildFile section */
		5A13A5D729F7B298002B50AB /* shoulder_nms.mlmodel in Sources */ = {isa = PBXBuildFile; fileRef = 5A13A5D629F7B298002B50AB /* shoulder_nms.mlmodel */; };
		EA1D75E029DBCFEC00147215 /* PickBodyPartView.swift in Sources */ = {isa = PBXBuildFile; fileRef = EA1D75DF29DBCFEC00147215 /* PickBodyPartView.swift */; };
		EA1D75E729DBDCBD00147215 /* LoopingVideoView.swift in Sources */ = {isa = PBXBuildFile; fileRef = EA1D75E629DBDCBD00147215 /* LoopingVideoView.swift */; };
		EA3D127529E0FA200099EE9F /* INFRASPINATUS.mp4 in Resources */ = {isa = PBXBuildFile; fileRef = EA3D127029E0FA200099EE9F /* INFRASPINATUS.mp4 */; };
		EA3D127629E0FA200099EE9F /* SUBSCAPULARIS.mp4 in Resources */ = {isa = PBXBuildFile; fileRef = EA3D127129E0FA200099EE9F /* SUBSCAPULARIS.mp4 */; };
		EA3D127729E0FA200099EE9F /* TERES MINOR.mp4 in Resources */ = {isa = PBXBuildFile; fileRef = EA3D127229E0FA200099EE9F /* TERES MINOR.mp4 */; };
		EA3D127829E0FA200099EE9F /* BICEPS.mp4 in Resources */ = {isa = PBXBuildFile; fileRef = EA3D127329E0FA200099EE9F /* BICEPS.mp4 */; };
		EA3D127929E0FA200099EE9F /* SUPRASPINATUS.mp4 in Resources */ = {isa = PBXBuildFile; fileRef = EA3D127429E0FA200099EE9F /* SUPRASPINATUS.mp4 */; };
		EA67886429F5F2E0007E2484 /* ResultsView.swift in Sources */ = {isa = PBXBuildFile; fileRef = EA67886329F5F2E0007E2484 /* ResultsView.swift */; };
		EF69465C29A9482900FEA8B9 /* cadus_nyagiApp.swift in Sources */ = {isa = PBXBuildFile; fileRef = EF69465B29A9482900FEA8B9 /* cadus_nyagiApp.swift */; };
		EF69466029A9482A00FEA8B9 /* Assets.xcassets in Resources */ = {isa = PBXBuildFile; fileRef = EF69465F29A9482A00FEA8B9 /* Assets.xcassets */; };
		EF69466329A9482A00FEA8B9 /* Preview Assets.xcassets in Resources */ = {isa = PBXBuildFile; fileRef = EF69466229A9482A00FEA8B9 /* Preview Assets.xcassets */; };
		EF69467229A9513200FEA8B9 /* helpButton.swift in Sources */ = {isa = PBXBuildFile; fileRef = EF69467129A9513200FEA8B9 /* helpButton.swift */; };
		EF69467429A9519B00FEA8B9 /* HomeView.swift in Sources */ = {isa = PBXBuildFile; fileRef = EF69467329A9519B00FEA8B9 /* HomeView.swift */; };
		EF69467629A9522100FEA8B9 /* navBar.swift in Sources */ = {isa = PBXBuildFile; fileRef = EF69467529A9522100FEA8B9 /* navBar.swift */; };
		EF69467929A959B800FEA8B9 /* bodyOptions.swift in Sources */ = {isa = PBXBuildFile; fileRef = EF69467829A959B800FEA8B9 /* bodyOptions.swift */; };
		EF69467B29A9612500FEA8B9 /* Area.swift in Sources */ = {isa = PBXBuildFile; fileRef = EF69467A29A9612500FEA8B9 /* Area.swift */; };
		EF69467D29A9679200FEA8B9 /* areaButton.swift in Sources */ = {isa = PBXBuildFile; fileRef = EF69467C29A9679200FEA8B9 /* areaButton.swift */; };
		EF69468029A9738500FEA8B9 /* Realm in Frameworks */ = {isa = PBXBuildFile; productRef = EF69467F29A9738500FEA8B9 /* Realm */; };
		EF69468229A9738500FEA8B9 /* RealmSwift in Frameworks */ = {isa = PBXBuildFile; productRef = EF69468129A9738500FEA8B9 /* RealmSwift */; };
		EF69468429A97A1900FEA8B9 /* GiveUltrasoundView.swift in Sources */ = {isa = PBXBuildFile; fileRef = EF69468329A97A1900FEA8B9 /* GiveUltrasoundView.swift */; };
		EF69468629A97B5400FEA8B9 /* analyzeButton.swift in Sources */ = {isa = PBXBuildFile; fileRef = EF69468529A97B5400FEA8B9 /* analyzeButton.swift */; };
		EFEA756529B547CD0004C103 /* uploadPhotoButton.swift in Sources */ = {isa = PBXBuildFile; fileRef = EFEA756429B547CD0004C103 /* uploadPhotoButton.swift */; };
		EFEA756729B548220004C103 /* ImagePicker.swift in Sources */ = {isa = PBXBuildFile; fileRef = EFEA756629B548220004C103 /* ImagePicker.swift */; };
		EFEA756929B54A060004C103 /* ActionSheetModifier.swift in Sources */ = {isa = PBXBuildFile; fileRef = EFEA756829B54A060004C103 /* ActionSheetModifier.swift */; };
		EFEA756D29B54C250004C103 /* ConfirmUploadView.swift in Sources */ = {isa = PBXBuildFile; fileRef = EFEA756C29B54C250004C103 /* ConfirmUploadView.swift */; };
/* End PBXBuildFile section */

/* Begin PBXFileReference section */
		5A13A5D629F7B298002B50AB /* shoulder_nms.mlmodel */ = {isa = PBXFileReference; lastKnownFileType = file.mlmodel; path = shoulder_nms.mlmodel; sourceTree = "<group>"; };
		EA1D75DF29DBCFEC00147215 /* PickBodyPartView.swift */ = {isa = PBXFileReference; lastKnownFileType = sourcecode.swift; path = PickBodyPartView.swift; sourceTree = "<group>"; };
		EA1D75E629DBDCBD00147215 /* LoopingVideoView.swift */ = {isa = PBXFileReference; lastKnownFileType = sourcecode.swift; path = LoopingVideoView.swift; sourceTree = "<group>"; };
		EA3D127029E0FA200099EE9F /* INFRASPINATUS.mp4 */ = {isa = PBXFileReference; lastKnownFileType = file; path = INFRASPINATUS.mp4; sourceTree = "<group>"; };
		EA3D127129E0FA200099EE9F /* SUBSCAPULARIS.mp4 */ = {isa = PBXFileReference; lastKnownFileType = file; path = SUBSCAPULARIS.mp4; sourceTree = "<group>"; };
		EA3D127229E0FA200099EE9F /* TERES MINOR.mp4 */ = {isa = PBXFileReference; lastKnownFileType = file; path = "TERES MINOR.mp4"; sourceTree = "<group>"; };
		EA3D127329E0FA200099EE9F /* BICEPS.mp4 */ = {isa = PBXFileReference; lastKnownFileType = file; path = BICEPS.mp4; sourceTree = "<group>"; };
		EA3D127429E0FA200099EE9F /* SUPRASPINATUS.mp4 */ = {isa = PBXFileReference; lastKnownFileType = file; path = SUPRASPINATUS.mp4; sourceTree = "<group>"; };
		EA67886329F5F2E0007E2484 /* ResultsView.swift */ = {isa = PBXFileReference; lastKnownFileType = sourcecode.swift; path = ResultsView.swift; sourceTree = "<group>"; };
		EF69465829A9482900FEA8B9 /* cadus_nyagi.app */ = {isa = PBXFileReference; explicitFileType = wrapper.application; includeInIndex = 0; path = cadus_nyagi.app; sourceTree = BUILT_PRODUCTS_DIR; };
		EF69465B29A9482900FEA8B9 /* cadus_nyagiApp.swift */ = {isa = PBXFileReference; lastKnownFileType = sourcecode.swift; path = cadus_nyagiApp.swift; sourceTree = "<group>"; };
		EF69465F29A9482A00FEA8B9 /* Assets.xcassets */ = {isa = PBXFileReference; lastKnownFileType = folder.assetcatalog; path = Assets.xcassets; sourceTree = "<group>"; };
		EF69466229A9482A00FEA8B9 /* Preview Assets.xcassets */ = {isa = PBXFileReference; lastKnownFileType = folder.assetcatalog; path = "Preview Assets.xcassets"; sourceTree = "<group>"; };
		EF69467129A9513200FEA8B9 /* helpButton.swift */ = {isa = PBXFileReference; lastKnownFileType = sourcecode.swift; path = helpButton.swift; sourceTree = "<group>"; };
		EF69467329A9519B00FEA8B9 /* HomeView.swift */ = {isa = PBXFileReference; lastKnownFileType = sourcecode.swift; path = HomeView.swift; sourceTree = "<group>"; };
		EF69467529A9522100FEA8B9 /* navBar.swift */ = {isa = PBXFileReference; lastKnownFileType = sourcecode.swift; path = navBar.swift; sourceTree = "<group>"; };
		EF69467829A959B800FEA8B9 /* bodyOptions.swift */ = {isa = PBXFileReference; lastKnownFileType = sourcecode.swift; path = bodyOptions.swift; sourceTree = "<group>"; };
		EF69467A29A9612500FEA8B9 /* Area.swift */ = {isa = PBXFileReference; lastKnownFileType = sourcecode.swift; path = Area.swift; sourceTree = "<group>"; };
		EF69467C29A9679200FEA8B9 /* areaButton.swift */ = {isa = PBXFileReference; lastKnownFileType = sourcecode.swift; path = areaButton.swift; sourceTree = "<group>"; };
		EF69468329A97A1900FEA8B9 /* GiveUltrasoundView.swift */ = {isa = PBXFileReference; lastKnownFileType = sourcecode.swift; path = GiveUltrasoundView.swift; sourceTree = "<group>"; };
		EF69468529A97B5400FEA8B9 /* analyzeButton.swift */ = {isa = PBXFileReference; lastKnownFileType = sourcecode.swift; path = analyzeButton.swift; sourceTree = "<group>"; };
		EFEA756429B547CD0004C103 /* uploadPhotoButton.swift */ = {isa = PBXFileReference; lastKnownFileType = sourcecode.swift; path = uploadPhotoButton.swift; sourceTree = "<group>"; };
		EFEA756629B548220004C103 /* ImagePicker.swift */ = {isa = PBXFileReference; lastKnownFileType = sourcecode.swift; path = ImagePicker.swift; sourceTree = "<group>"; };
		EFEA756829B54A060004C103 /* ActionSheetModifier.swift */ = {isa = PBXFileReference; lastKnownFileType = sourcecode.swift; path = ActionSheetModifier.swift; sourceTree = "<group>"; };
		EFEA756C29B54C250004C103 /* ConfirmUploadView.swift */ = {isa = PBXFileReference; lastKnownFileType = sourcecode.swift; path = ConfirmUploadView.swift; sourceTree = "<group>"; };
/* End PBXFileReference section */

/* Begin PBXFrameworksBuildPhase section */
		EF69465529A9482900FEA8B9 /* Frameworks */ = {
			isa = PBXFrameworksBuildPhase;
			buildActionMask = 2147483647;
			files = (
				EF69468229A9738500FEA8B9 /* RealmSwift in Frameworks */,
				EF69468029A9738500FEA8B9 /* Realm in Frameworks */,
			);
			runOnlyForDeploymentPostprocessing = 0;
		};
/* End PBXFrameworksBuildPhase section */

/* Begin PBXGroup section */
		EF69464F29A9482900FEA8B9 = {
			isa = PBXGroup;
			children = (
				EA3D127329E0FA200099EE9F /* BICEPS.mp4 */,
				EA3D127029E0FA200099EE9F /* INFRASPINATUS.mp4 */,
				EA3D127129E0FA200099EE9F /* SUBSCAPULARIS.mp4 */,
				5A13A5D629F7B298002B50AB /* shoulder_nms.mlmodel */,
				EA3D127429E0FA200099EE9F /* SUPRASPINATUS.mp4 */,
				EA3D127229E0FA200099EE9F /* TERES MINOR.mp4 */,
				EF69465A29A9482900FEA8B9 /* cadus_nyagi */,
				EF69465929A9482900FEA8B9 /* Products */,
			);
			sourceTree = "<group>";
		};
		EF69465929A9482900FEA8B9 /* Products */ = {
			isa = PBXGroup;
			children = (
				EF69465829A9482900FEA8B9 /* cadus_nyagi.app */,
			);
			name = Products;
			sourceTree = "<group>";
		};
		EF69465A29A9482900FEA8B9 /* cadus_nyagi */ = {
			isa = PBXGroup;
			children = (
				EF69465B29A9482900FEA8B9 /* cadus_nyagiApp.swift */,
				EF69466E29A94BBA00FEA8B9 /* Components */,
				EF69466B29A949EC00FEA8B9 /* UI Views */,
				EF69465F29A9482A00FEA8B9 /* Assets.xcassets */,
				EF69466129A9482A00FEA8B9 /* Preview Content */,
			);
			path = cadus_nyagi;
			sourceTree = "<group>";
		};
		EF69466129A9482A00FEA8B9 /* Preview Content */ = {
			isa = PBXGroup;
			children = (
				EF69466229A9482A00FEA8B9 /* Preview Assets.xcassets */,
			);
			path = "Preview Content";
			sourceTree = "<group>";
		};
		EF69466B29A949EC00FEA8B9 /* UI Views */ = {
			isa = PBXGroup;
			children = (
				EF69468329A97A1900FEA8B9 /* GiveUltrasoundView.swift */,
				EA1D75DF29DBCFEC00147215 /* PickBodyPartView.swift */,
				EF69467329A9519B00FEA8B9 /* HomeView.swift */,
				EA67886329F5F2E0007E2484 /* ResultsView.swift */,
				EFEA756C29B54C250004C103 /* ConfirmUploadView.swift */,
				EF69467529A9522100FEA8B9 /* navBar.swift */,
				EF69467729A958FF00FEA8B9 /* data */,
			);
			path = "UI Views";
			sourceTree = "<group>";
		};
		EF69466E29A94BBA00FEA8B9 /* Components */ = {
			isa = PBXGroup;
			children = (
				EF69467C29A9679200FEA8B9 /* areaButton.swift */,
				EF69467129A9513200FEA8B9 /* helpButton.swift */,
				EF69468529A97B5400FEA8B9 /* analyzeButton.swift */,
				EFEA756429B547CD0004C103 /* uploadPhotoButton.swift */,
				EA1D75E629DBDCBD00147215 /* LoopingVideoView.swift */,
				EFEA756629B548220004C103 /* ImagePicker.swift */,
				EFEA756829B54A060004C103 /* ActionSheetModifier.swift */,
			);
			path = Components;
			sourceTree = "<group>";
		};
		EF69467729A958FF00FEA8B9 /* data */ = {
			isa = PBXGroup;
			children = (
				EF69467829A959B800FEA8B9 /* bodyOptions.swift */,
				EF69467A29A9612500FEA8B9 /* Area.swift */,
			);
			path = data;
			sourceTree = "<group>";
		};
/* End PBXGroup section */

/* Begin PBXNativeTarget section */
		EF69465729A9482900FEA8B9 /* cadus_nyagi */ = {
			isa = PBXNativeTarget;
			buildConfigurationList = EF69466629A9482A00FEA8B9 /* Build configuration list for PBXNativeTarget "cadus_nyagi" */;
			buildPhases = (
				EF69465429A9482900FEA8B9 /* Sources */,
				EF69465529A9482900FEA8B9 /* Frameworks */,
				EF69465629A9482900FEA8B9 /* Resources */,
			);
			buildRules = (
			);
			dependencies = (
			);
			name = cadus_nyagi;
			packageProductDependencies = (
				EF69467F29A9738500FEA8B9 /* Realm */,
				EF69468129A9738500FEA8B9 /* RealmSwift */,
			);
			productName = cadus_nyagi;
			productReference = EF69465829A9482900FEA8B9 /* cadus_nyagi.app */;
			productType = "com.apple.product-type.application";
		};
/* End PBXNativeTarget section */

/* Begin PBXProject section */
		EF69465029A9482900FEA8B9 /* Project object */ = {
			isa = PBXProject;
			attributes = {
				BuildIndependentTargetsInParallel = 1;
				LastSwiftUpdateCheck = 1410;
				LastUpgradeCheck = 1410;
				TargetAttributes = {
					EF69465729A9482900FEA8B9 = {
						CreatedOnToolsVersion = 14.1;
					};
				};
			};
			buildConfigurationList = EF69465329A9482900FEA8B9 /* Build configuration list for PBXProject "cadus_nyagi" */;
			compatibilityVersion = "Xcode 14.0";
			developmentRegion = en;
			hasScannedForEncodings = 0;
			knownRegions = (
				en,
				Base,
			);
			mainGroup = EF69464F29A9482900FEA8B9;
			packageReferences = (
				EF69467E29A9738500FEA8B9 /* XCRemoteSwiftPackageReference "realm-swift" */,
			);
			productRefGroup = EF69465929A9482900FEA8B9 /* Products */;
			projectDirPath = "";
			projectRoot = "";
			targets = (
				EF69465729A9482900FEA8B9 /* cadus_nyagi */,
			);
		};
/* End PBXProject section */

/* Begin PBXResourcesBuildPhase section */
		EF69465629A9482900FEA8B9 /* Resources */ = {
			isa = PBXResourcesBuildPhase;
			buildActionMask = 2147483647;
			files = (
				EA3D127529E0FA200099EE9F /* INFRASPINATUS.mp4 in Resources */,
				EA3D127629E0FA200099EE9F /* SUBSCAPULARIS.mp4 in Resources */,
				EA3D127729E0FA200099EE9F /* TERES MINOR.mp4 in Resources */,
				EA3D127829E0FA200099EE9F /* BICEPS.mp4 in Resources */,
				EF69466329A9482A00FEA8B9 /* Preview Assets.xcassets in Resources */,
				EA3D127929E0FA200099EE9F /* SUPRASPINATUS.mp4 in Resources */,
				EF69466029A9482A00FEA8B9 /* Assets.xcassets in Resources */,
			);
			runOnlyForDeploymentPostprocessing = 0;
		};
/* End PBXResourcesBuildPhase section */

/* Begin PBXSourcesBuildPhase section */
		EF69465429A9482900FEA8B9 /* Sources */ = {
			isa = PBXSourcesBuildPhase;
			buildActionMask = 2147483647;
			files = (
				EF69467D29A9679200FEA8B9 /* areaButton.swift in Sources */,
				EF69467B29A9612500FEA8B9 /* Area.swift in Sources */,
				EF69468429A97A1900FEA8B9 /* GiveUltrasoundView.swift in Sources */,
				EF69467229A9513200FEA8B9 /* helpButton.swift in Sources */,
				EF69467929A959B800FEA8B9 /* bodyOptions.swift in Sources */,
				EFEA756529B547CD0004C103 /* uploadPhotoButton.swift in Sources */,
				EA1D75E029DBCFEC00147215 /* PickBodyPartView.swift in Sources */,
				EFEA756929B54A060004C103 /* ActionSheetModifier.swift in Sources */,
				5A13A5D729F7B298002B50AB /* shoulder_nms.mlmodel in Sources */,
				EF69468629A97B5400FEA8B9 /* analyzeButton.swift in Sources */,
				EFEA756729B548220004C103 /* ImagePicker.swift in Sources */,
				EF69467629A9522100FEA8B9 /* navBar.swift in Sources */,
				EF69467429A9519B00FEA8B9 /* HomeView.swift in Sources */,
				EFEA756D29B54C250004C103 /* ConfirmUploadView.swift in Sources */,
				EF69465C29A9482900FEA8B9 /* cadus_nyagiApp.swift in Sources */,
				EA67886429F5F2E0007E2484 /* ResultsView.swift in Sources */,
				EA1D75E729DBDCBD00147215 /* LoopingVideoView.swift in Sources */,
			);
			runOnlyForDeploymentPostprocessing = 0;
		};
/* End PBXSourcesBuildPhase section */

/* Begin XCBuildConfiguration section */
		EF69466429A9482A00FEA8B9 /* Debug */ = {
			isa = XCBuildConfiguration;
			buildSettings = {
				ALWAYS_SEARCH_USER_PATHS = NO;
				CLANG_ANALYZER_NONNULL = YES;
				CLANG_ANALYZER_NUMBER_OBJECT_CONVERSION = YES_AGGRESSIVE;
				CLANG_CXX_LANGUAGE_STANDARD = "gnu++20";
				CLANG_ENABLE_MODULES = YES;
				CLANG_ENABLE_OBJC_ARC = YES;
				CLANG_ENABLE_OBJC_WEAK = YES;
				CLANG_WARN_BLOCK_CAPTURE_AUTORELEASING = YES;
				CLANG_WARN_BOOL_CONVERSION = YES;
				CLANG_WARN_COMMA = YES;
				CLANG_WARN_CONSTANT_CONVERSION = YES;
				CLANG_WARN_DEPRECATED_OBJC_IMPLEMENTATIONS = YES;
				CLANG_WARN_DIRECT_OBJC_ISA_USAGE = YES_ERROR;
				CLANG_WARN_DOCUMENTATION_COMMENTS = YES;
				CLANG_WARN_EMPTY_BODY = YES;
				CLANG_WARN_ENUM_CONVERSION = YES;
				CLANG_WARN_INFINITE_RECURSION = YES;
				CLANG_WARN_INT_CONVERSION = YES;
				CLANG_WARN_NON_LITERAL_NULL_CONVERSION = YES;
				CLANG_WARN_OBJC_IMPLICIT_RETAIN_SELF = YES;
				CLANG_WARN_OBJC_LITERAL_CONVERSION = YES;
				CLANG_WARN_OBJC_ROOT_CLASS = YES_ERROR;
				CLANG_WARN_QUOTED_INCLUDE_IN_FRAMEWORK_HEADER = YES;
				CLANG_WARN_RANGE_LOOP_ANALYSIS = YES;
				CLANG_WARN_STRICT_PROTOTYPES = YES;
				CLANG_WARN_SUSPICIOUS_MOVE = YES;
				CLANG_WARN_UNGUARDED_AVAILABILITY = YES_AGGRESSIVE;
				CLANG_WARN_UNREACHABLE_CODE = YES;
				CLANG_WARN__DUPLICATE_METHOD_MATCH = YES;
				COPY_PHASE_STRIP = NO;
				DEBUG_INFORMATION_FORMAT = dwarf;
				ENABLE_STRICT_OBJC_MSGSEND = YES;
				ENABLE_TESTABILITY = YES;
				GCC_C_LANGUAGE_STANDARD = gnu11;
				GCC_DYNAMIC_NO_PIC = NO;
				GCC_NO_COMMON_BLOCKS = YES;
				GCC_OPTIMIZATION_LEVEL = 0;
				GCC_PREPROCESSOR_DEFINITIONS = (
					"DEBUG=1",
					"$(inherited)",
				);
				GCC_WARN_64_TO_32_BIT_CONVERSION = YES;
				GCC_WARN_ABOUT_RETURN_TYPE = YES_ERROR;
				GCC_WARN_UNDECLARED_SELECTOR = YES;
				GCC_WARN_UNINITIALIZED_AUTOS = YES_AGGRESSIVE;
				GCC_WARN_UNUSED_FUNCTION = YES;
				GCC_WARN_UNUSED_VARIABLE = YES;
				IPHONEOS_DEPLOYMENT_TARGET = 16.1;
				MTL_ENABLE_DEBUG_INFO = INCLUDE_SOURCE;
				MTL_FAST_MATH = YES;
				ONLY_ACTIVE_ARCH = YES;
				SDKROOT = iphoneos;
				SWIFT_ACTIVE_COMPILATION_CONDITIONS = DEBUG;
				SWIFT_OPTIMIZATION_LEVEL = "-Onone";
			};
			name = Debug;
		};
		EF69466529A9482A00FEA8B9 /* Release */ = {
			isa = XCBuildConfiguration;
			buildSettings = {
				ALWAYS_SEARCH_USER_PATHS = NO;
				CLANG_ANALYZER_NONNULL = YES;
				CLANG_ANALYZER_NUMBER_OBJECT_CONVERSION = YES_AGGRESSIVE;
				CLANG_CXX_LANGUAGE_STANDARD = "gnu++20";
				CLANG_ENABLE_MODULES = YES;
				CLANG_ENABLE_OBJC_ARC = YES;
				CLANG_ENABLE_OBJC_WEAK = YES;
				CLANG_WARN_BLOCK_CAPTURE_AUTORELEASING = YES;
				CLANG_WARN_BOOL_CONVERSION = YES;
				CLANG_WARN_COMMA = YES;
				CLANG_WARN_CONSTANT_CONVERSION = YES;
				CLANG_WARN_DEPRECATED_OBJC_IMPLEMENTATIONS = YES;
				CLANG_WARN_DIRECT_OBJC_ISA_USAGE = YES_ERROR;
				CLANG_WARN_DOCUMENTATION_COMMENTS = YES;
				CLANG_WARN_EMPTY_BODY = YES;
				CLANG_WARN_ENUM_CONVERSION = YES;
				CLANG_WARN_INFINITE_RECURSION = YES;
				CLANG_WARN_INT_CONVERSION = YES;
				CLANG_WARN_NON_LITERAL_NULL_CONVERSION = YES;
				CLANG_WARN_OBJC_IMPLICIT_RETAIN_SELF = YES;
				CLANG_WARN_OBJC_LITERAL_CONVERSION = YES;
				CLANG_WARN_OBJC_ROOT_CLASS = YES_ERROR;
				CLANG_WARN_QUOTED_INCLUDE_IN_FRAMEWORK_HEADER = YES;
				CLANG_WARN_RANGE_LOOP_ANALYSIS = YES;
				CLANG_WARN_STRICT_PROTOTYPES = YES;
				CLANG_WARN_SUSPICIOUS_MOVE = YES;
				CLANG_WARN_UNGUARDED_AVAILABILITY = YES_AGGRESSIVE;
				CLANG_WARN_UNREACHABLE_CODE = YES;
				CLANG_WARN__DUPLICATE_METHOD_MATCH = YES;
				COPY_PHASE_STRIP = NO;
				DEBUG_INFORMATION_FORMAT = "dwarf-with-dsym";
				ENABLE_NS_ASSERTIONS = NO;
				ENABLE_STRICT_OBJC_MSGSEND = YES;
				GCC_C_LANGUAGE_STANDARD = gnu11;
				GCC_NO_COMMON_BLOCKS = YES;
				GCC_WARN_64_TO_32_BIT_CONVERSION = YES;
				GCC_WARN_ABOUT_RETURN_TYPE = YES_ERROR;
				GCC_WARN_UNDECLARED_SELECTOR = YES;
				GCC_WARN_UNINITIALIZED_AUTOS = YES_AGGRESSIVE;
				GCC_WARN_UNUSED_FUNCTION = YES;
				GCC_WARN_UNUSED_VARIABLE = YES;
				IPHONEOS_DEPLOYMENT_TARGET = 16.1;
				MTL_ENABLE_DEBUG_INFO = NO;
				MTL_FAST_MATH = YES;
				SDKROOT = iphoneos;
				SWIFT_COMPILATION_MODE = wholemodule;
				SWIFT_OPTIMIZATION_LEVEL = "-O";
				VALIDATE_PRODUCT = YES;
			};
			name = Release;
		};
		EF69466729A9482A00FEA8B9 /* Debug */ = {
			isa = XCBuildConfiguration;
			buildSettings = {
				ASSETCATALOG_COMPILER_APPICON_NAME = AppIcon;
				ASSETCATALOG_COMPILER_GLOBAL_ACCENT_COLOR_NAME = AccentColor;
				CODE_SIGN_STYLE = Automatic;
				CURRENT_PROJECT_VERSION = 1;
				DEVELOPMENT_ASSET_PATHS = "\"cadus_nyagi/Preview Content\"";
				ENABLE_PREVIEWS = YES;
				GENERATE_INFOPLIST_FILE = YES;
				INFOPLIST_KEY_UIApplicationSceneManifest_Generation = YES;
				INFOPLIST_KEY_UIApplicationSupportsIndirectInputEvents = YES;
				INFOPLIST_KEY_UILaunchScreen_Generation = YES;
				INFOPLIST_KEY_UISupportedInterfaceOrientations_iPad = "UIInterfaceOrientationPortrait UIInterfaceOrientationPortraitUpsideDown UIInterfaceOrientationLandscapeLeft UIInterfaceOrientationLandscapeRight";
				INFOPLIST_KEY_UISupportedInterfaceOrientations_iPhone = "UIInterfaceOrientationPortrait UIInterfaceOrientationLandscapeLeft UIInterfaceOrientationLandscapeRight";
				LD_RUNPATH_SEARCH_PATHS = (
					"$(inherited)",
					"@executable_path/Frameworks",
				);
				MARKETING_VERSION = 1.0;
				PRODUCT_BUNDLE_IDENTIFIER = "com.cadus-nyagi";
				PRODUCT_NAME = "$(TARGET_NAME)";
				SWIFT_EMIT_LOC_STRINGS = YES;
				SWIFT_VERSION = 5.0;
				TARGETED_DEVICE_FAMILY = "1,2";
			};
			name = Debug;
		};
		EF69466829A9482A00FEA8B9 /* Release */ = {
			isa = XCBuildConfiguration;
			buildSettings = {
				ASSETCATALOG_COMPILER_APPICON_NAME = AppIcon;
				ASSETCATALOG_COMPILER_GLOBAL_ACCENT_COLOR_NAME = AccentColor;
				CODE_SIGN_STYLE = Automatic;
				CURRENT_PROJECT_VERSION = 1;
				DEVELOPMENT_ASSET_PATHS = "\"cadus_nyagi/Preview Content\"";
				ENABLE_PREVIEWS = YES;
				GENERATE_INFOPLIST_FILE = YES;
				INFOPLIST_KEY_UIApplicationSceneManifest_Generation = YES;
				INFOPLIST_KEY_UIApplicationSupportsIndirectInputEvents = YES;
				INFOPLIST_KEY_UILaunchScreen_Generation = YES;
				INFOPLIST_KEY_UISupportedInterfaceOrientations_iPad = "UIInterfaceOrientationPortrait UIInterfaceOrientationPortraitUpsideDown UIInterfaceOrientationLandscapeLeft UIInterfaceOrientationLandscapeRight";
				INFOPLIST_KEY_UISupportedInterfaceOrientations_iPhone = "UIInterfaceOrientationPortrait UIInterfaceOrientationLandscapeLeft UIInterfaceOrientationLandscapeRight";
				LD_RUNPATH_SEARCH_PATHS = (
					"$(inherited)",
					"@executable_path/Frameworks",
				);
				MARKETING_VERSION = 1.0;
				PRODUCT_BUNDLE_IDENTIFIER = "com.cadus-nyagi";
				PRODUCT_NAME = "$(TARGET_NAME)";
				SWIFT_EMIT_LOC_STRINGS = YES;
				SWIFT_VERSION = 5.0;
				TARGETED_DEVICE_FAMILY = "1,2";
			};
			name = Release;
		};
/* End XCBuildConfiguration section */

/* Begin XCConfigurationList section */
		EF69465329A9482900FEA8B9 /* Build configuration list for PBXProject "cadus_nyagi" */ = {
			isa = XCConfigurationList;
			buildConfigurations = (
				EF69466429A9482A00FEA8B9 /* Debug */,
				EF69466529A9482A00FEA8B9 /* Release */,
			);
			defaultConfigurationIsVisible = 0;
			defaultConfigurationName = Release;
		};
		EF69466629A9482A00FEA8B9 /* Build configuration list for PBXNativeTarget "cadus_nyagi" */ = {
			isa = XCConfigurationList;
			buildConfigurations = (
				EF69466729A9482A00FEA8B9 /* Debug */,
				EF69466829A9482A00FEA8B9 /* Release */,
			);
			defaultConfigurationIsVisible = 0;
			defaultConfigurationName = Release;
		};
/* End XCConfigurationList section */

/* Begin XCRemoteSwiftPackageReference section */
		EF69467E29A9738500FEA8B9 /* XCRemoteSwiftPackageReference "realm-swift" */ = {
			isa = XCRemoteSwiftPackageReference;
			repositoryURL = "https://github.com/realm/realm-swift.git";
			requirement = {
				branch = master;
				kind = branch;
			};
		};
/* End XCRemoteSwiftPackageReference section */

/* Begin XCSwiftPackageProductDependency section */
		EF69467F29A9738500FEA8B9 /* Realm */ = {
			isa = XCSwiftPackageProductDependency;
			package = EF69467E29A9738500FEA8B9 /* XCRemoteSwiftPackageReference "realm-swift" */;
			productName = Realm;
		};
		EF69468129A9738500FEA8B9 /* RealmSwift */ = {
			isa = XCSwiftPackageProductDependency;
			package = EF69467E29A9738500FEA8B9 /* XCRemoteSwiftPackageReference "realm-swift" */;
			productName = RealmSwift;
		};
/* End XCSwiftPackageProductDependency section */
	};
	rootObject = EF69465029A9482900FEA8B9 /* Project object */;
}
